
Microsoft Visual Studio Solution File, Format Version 12.00
# Visual Studio Version 17
VisualStudioVersion = 17.13.35931.197 d17.13
MinimumVisualStudioVersion = 10.0.40219.1
Project("{FAE04EC0-301F-11D3-BF4B-00C04F79EFBC}") = "ShortageSystem", "ShortageSystem\ShortageSystem.csproj", "{4108BC9A-3EF3-4A6F-BCAC-2B87536174EF}"
EndProject
Global
	GlobalSection(SolutionConfigurationPlatforms) = preSolution
		Debug|Any CPU = Debug|Any CPU
		Release|Any CPU = Release|Any CPU
	EndGlobalSection
	GlobalSection(ProjectConfigurationPlatforms) = postSolution
		{4108BC9A-3EF3-4A6F-BCAC-2B87536174EF}.Debug|Any CPU.ActiveCfg = Debug|Any CPU
		{4108BC9A-3EF3-4A6F-BCAC-2B87536174EF}.Debug|Any CPU.Build.0 = Debug|Any CPU
		{4108BC9A-3EF3-4A6F-BCAC-2B87536174EF}.Release|Any CPU.ActiveCfg = Release|Any CPU
		{4108BC9A-3EF3-4A6F-BCAC-2B87536174EF}.Release|Any CPU.Build.0 = Release|Any CPU
	EndGlobalSection
	GlobalSection(SolutionProperties) = preSolution
		HideSolutionNode = FALSE
	EndGlobalSection
	GlobalSection(ExtensibilityGlobals) = postSolution
		SolutionGuid = {7590C42B-F237-44CB-98C1-7B54D16316C5}
	EndGlobalSection
EndGlobal
